<?xml version="1.0" encoding="utf-8"?>
<Project ToolsVersion="4.0" xmlns="http://schemas.microsoft.com/developer/msbuild/2003">
  <ItemGroup>
    <Filter Include="Source Files">
      <UniqueIdentifier>{4FC737F1-C7A5-4376-A066-2A32D752A2FF}</UniqueIdentifier>
      <Extensions>cpp;c;cc;cxx;def;odl;idl;hpj;bat;asm;asmx</Extensions>
    </Filter>
    <Filter Include="Header Files">
      <UniqueIdentifier>{93995380-89BD-4b04-88EB-625FBE52EBFB}</UniqueIdentifier>
      <Extensions>h;hpp;hxx;hm;inl;inc;xsd</Extensions>
    </Filter>
    <Filter Include="Resource Files">
      <UniqueIdentifier>{67DA6AB6-F800-4c08-8B7A-83BB121AAD01}</UniqueIdentifier>
      <Extensions>rc;ico;cur;bmp;dlg;rc2;rct;bin;rgs;gif;jpg;jpeg;jpe;resx;tiff;tif;png;wav;mfcribbon-ms</Extensions>
    </Filter>
    <Filter Include="Header Files\solutions">
      <UniqueIdentifier>{a8cce30f-b019-49ac-a380-89426c45b98b}</UniqueIdentifier>
    </Filter>
    <Filter Include="Header Files\solutions\weekOfCode24Year2016">
      <UniqueIdentifier>{d4ff5fb8-01b2-4ecd-b2f7-f3d5f41c04d9}</UniqueIdentifier>
    </Filter>
    <Filter Include="Header Files\NotSolved">
      <UniqueIdentifier>{56fcaf1d-e594-4c3c-9b60-b59f85999210}</UniqueIdentifier>
    </Filter>
    <Filter Include="Header Files\data structures">
      <UniqueIdentifier>{de5e2c4f-4728-438e-8569-5f8facac7c2b}</UniqueIdentifier>
    </Filter>
    <Filter Include="Header Files\data structures\LinkedList">
      <UniqueIdentifier>{988e7b1e-a709-433b-b349-cc1be8a4275c}</UniqueIdentifier>
    </Filter>
    <Filter Include="Header Files\solutions\Graph">
      <UniqueIdentifier>{59797fb6-1ad0-41e5-9b75-f0ec5ac2a546}</UniqueIdentifier>
    </Filter>
    <Filter Include="Header Files\solutions\BitManipulation">
      <UniqueIdentifier>{ff98e56a-7ad8-4d37-b9ed-ccb3d082301d}</UniqueIdentifier>
    </Filter>
    <Filter Include="Header Files\solutions\weekOfCode25Year2016">
      <UniqueIdentifier>{e030261b-39ea-48a6-8a37-24e9cb48caa7}</UniqueIdentifier>
    </Filter>
  </ItemGroup>
  <ItemGroup>
    <Text Include="ReadMe.txt" />
  </ItemGroup>
  <ItemGroup>
    <ClInclude Include="consoleWritter.h">
      <Filter>Header Files</Filter>
    </ClInclude>
    <ClInclude Include="consoleInputReader.h">
      <Filter>Header Files</Filter>
    </ClInclude>
    <ClInclude Include="solutions\AbsolutePermutation.h">
      <Filter>Header Files\solutions</Filter>
    </ClInclude>
    <ClInclude Include="solutions\BiggerIsGreater.h">
      <Filter>Header Files\solutions</Filter>
    </ClInclude>
    <ClInclude Include="solutions\BombermanGame.h">
      <Filter>Header Files\solutions</Filter>
    </ClInclude>
    <ClInclude Include="solutions\EmaSupercomputer.h">
      <Filter>Header Files\solutions</Filter>
    </ClInclude>
    <ClInclude Include="solutions\MaximumPerimeterTriangle.h">
      <Filter>Header Files\solutions</Filter>
    </ClInclude>
    <ClInclude Include="AppleAndOrange.h">
      <Filter>Header Files\solutions\weekOfCode24Year2016</Filter>
    </ClInclude>
    <ClInclude Include="HappyLadybugs.h">
      <Filter>Header Files\solutions\weekOfCode24Year2016</Filter>
    </ClInclude>
    <ClInclude Include="SynchronousShopping.h">
      <Filter>Header Files\NotSolved</Filter>
    </ClInclude>
    <ClInclude Include="AVLTree.h">
      <Filter>Header Files\data structures</Filter>
    </ClInclude>
    <ClInclude Include="SinglyLinkedList.h">
      <Filter>Header Files\data structures\LinkedList</Filter>
    </ClInclude>
    <ClInclude Include="SinglyLinkedListItem.h">
      <Filter>Header Files\data structures\LinkedList</Filter>
    </ClInclude>
    <ClInclude Include="FloydCityOfBlindingLights.h">
      <Filter>Header Files\solutions\Graph</Filter>
    </ClInclude>
    <ClInclude Include="KruskalMSTReallySpecialSubtree.h">
      <Filter>Header Files\solutions\Graph</Filter>
    </ClInclude>
    <ClInclude Include="PrimsMSTSpecialSubtree.h">
      <Filter>Header Files\solutions\Graph</Filter>
    </ClInclude>
    <ClInclude Include="EvenTree.h">
      <Filter>Header Files\solutions\Graph</Filter>
    </ClInclude>
    <ClInclude Include="BreadthFirstSearchShortestReach.h">
      <Filter>Header Files\solutions\Graph</Filter>
    </ClInclude>
    <ClInclude Include="DijkstraShortestReach2.h">
      <Filter>Header Files\solutions\Graph</Filter>
    </ClInclude>
    <ClInclude Include="LonelyInteger.h">
      <Filter>Header Files\solutions\BitManipulation</Filter>
    </ClInclude>
    <ClInclude Include="SumvsXOR.h">
      <Filter>Header Files\solutions\BitManipulation</Filter>
    </ClInclude>
    <ClInclude Include="MaximizingXOR.h">
      <Filter>Header Files\solutions\BitManipulation</Filter>
    </ClInclude>
    <ClInclude Include="FlippingBits.h">
      <Filter>Header Files\solutions\BitManipulation</Filter>
    </ClInclude>
    <ClInclude Include="CounterGame.h">
      <Filter>Header Files\solutions\BitManipulation</Filter>
    </ClInclude>
    <ClInclude Include="SansaAndXOR.h">
      <Filter>Header Files\solutions\BitManipulation</Filter>
    </ClInclude>
    <ClInclude Include="XorSequence.h">
      <Filter>Header Files\solutions\BitManipulation</Filter>
    </ClInclude>
    <ClInclude Include="WhatsNext.h">
      <Filter>Header Files\solutions\BitManipulation</Filter>
    </ClInclude>
    <ClInclude Include="FibonacciModified.h">
      <Filter>Header Files\NotSolved</Filter>
    </ClInclude>
    <ClInclude Include="BetweenTwoSets.h">
      <Filter>Header Files\solutions\weekOfCode25Year2016</Filter>
    </ClInclude>
    <ClInclude Include="AppendAndDelete.h">
      <Filter>Header Files\solutions\weekOfCode25Year2016</Filter>
    </ClInclude>
    <ClInclude Include="SherlockAndAnagrams.h">
      <Filter>Header Files\solutions</Filter>
    </ClInclude>
    <ClInclude Include="BabyStepGiantStep.h">
      <Filter>Header Files\solutions\weekOfCode25Year2016</Filter>
    </ClInclude>
  </ItemGroup>
  <ItemGroup>
    <ClCompile Include="hackerrank.cpp">
      <Filter>Source Files</Filter>
    </ClCompile>
  </ItemGroup>
</Project>